// !$*UTF8*$!
{
	archiveVersion = 1;
	classes = {
	};
	objectVersion = 48;
	objects = {

/* Begin PBXBuildFile section */
		4913FC1E2176579800E590C8 /* KMLParser.swift in Sources */ = {isa = PBXBuildFile; fileRef = 4913FC1D2176579800E590C8 /* KMLParser.swift */; };
		4913FC232176584A00E590C8 /* drinking_fountains.kml in Resources */ = {isa = PBXBuildFile; fileRef = 4913FC202176584A00E590C8 /* drinking_fountains.kml */; };
		4913FC242176584A00E590C8 /* bikeways.kml in Resources */ = {isa = PBXBuildFile; fileRef = 4913FC212176584A00E590C8 /* bikeways.kml */; };
		4913FC252176584A00E590C8 /* public_washrooms.kml in Resources */ = {isa = PBXBuildFile; fileRef = 4913FC222176584A00E590C8 /* public_washrooms.kml */; };
		4913FC2721765B5800E590C8 /* Functional.swift in Sources */ = {isa = PBXBuildFile; fileRef = 4913FC2621765B5800E590C8 /* Functional.swift */; };
		4913FC2B217665DE00E590C8 /* Coordinates.swift in Sources */ = {isa = PBXBuildFile; fileRef = 4913FC2A217665DE00E590C8 /* Coordinates.swift */; };
		49145C86217A618000197D95 /* Errors.swift in Sources */ = {isa = PBXBuildFile; fileRef = 49145C85217A618000197D95 /* Errors.swift */; };
		49145C88217A721100197D95 /* StationTests.swift in Sources */ = {isa = PBXBuildFile; fileRef = 49145C87217A721100197D95 /* StationTests.swift */; };
		49145C8A217A7B9B00197D95 /* main.swift in Sources */ = {isa = PBXBuildFile; fileRef = 49145C89217A7B9B00197D95 /* main.swift */; };
		49145C8C217A91D800197D95 /* CoordinatesTests.swift in Sources */ = {isa = PBXBuildFile; fileRef = 49145C8B217A91D800197D95 /* CoordinatesTests.swift */; };
		49145C90217A97A200197D95 /* MiscTests.swift in Sources */ = {isa = PBXBuildFile; fileRef = 49145C8F217A97A200197D95 /* MiscTests.swift */; };
		49145C92217A989300197D95 /* FunctionalTests.swift in Sources */ = {isa = PBXBuildFile; fileRef = 49145C91217A989300197D95 /* FunctionalTests.swift */; };
		491C6912203F4E6C00C79C53 /* TestingSupport.swift in Sources */ = {isa = PBXBuildFile; fileRef = 491C6911203F4E6C00C79C53 /* TestingSupport.swift */; };
		494B01D82177C1E10017F289 /* Buttons.swift in Sources */ = {isa = PBXBuildFile; fileRef = 494B01D72177C1E10017F289 /* Buttons.swift */; };
		494B01DA2177E0860017F289 /* MapViewDelegate.swift in Sources */ = {isa = PBXBuildFile; fileRef = 494B01D92177E0860017F289 /* MapViewDelegate.swift */; };
		495C840D217BF8A900978E6D /* SupplementMarkerTests.swift in Sources */ = {isa = PBXBuildFile; fileRef = 495C840C217BF8A900978E6D /* SupplementMarkerTests.swift */; };
		495C8412217C035200978E6D /* BikewayTests.swift in Sources */ = {isa = PBXBuildFile; fileRef = 495C8411217C035200978E6D /* BikewayTests.swift */; };
		495C8414217C2CEC00978E6D /* KMLParserTests.swift in Sources */ = {isa = PBXBuildFile; fileRef = 495C8413217C2CEC00978E6D /* KMLParserTests.swift */; };
		49889421217954A50079E693 /* MapViewFunctions.swift in Sources */ = {isa = PBXBuildFile; fileRef = 49889420217954A50079E693 /* MapViewFunctions.swift */; };
		49889424217956900079E693 /* SupplementMarker.swift in Sources */ = {isa = PBXBuildFile; fileRef = 49889423217956900079E693 /* SupplementMarker.swift */; };
		498894262179574C0079E693 /* Bikeway.swift in Sources */ = {isa = PBXBuildFile; fileRef = 498894252179574C0079E693 /* Bikeway.swift */; };
		49AD204E2035FA7400661B0D /* AppDelegate.swift in Sources */ = {isa = PBXBuildFile; fileRef = 49AD204D2035FA7400661B0D /* AppDelegate.swift */; };
		49AD20502035FA7400661B0D /* MapViewController.swift in Sources */ = {isa = PBXBuildFile; fileRef = 49AD204F2035FA7400661B0D /* MapViewController.swift */; };
		49AD20532035FA7400661B0D /* MapViewController.storyboard in Resources */ = {isa = PBXBuildFile; fileRef = 49AD20512035FA7400661B0D /* MapViewController.storyboard */; };
		49AD20552035FA7400661B0D /* Assets.xcassets in Resources */ = {isa = PBXBuildFile; fileRef = 49AD20542035FA7400661B0D /* Assets.xcassets */; };
		49AD20582035FA7400661B0D /* LaunchScreen.storyboard in Resources */ = {isa = PBXBuildFile; fileRef = 49AD20562035FA7400661B0D /* LaunchScreen.storyboard */; };
		49B00FDE2035FEFC00028812 /* Station.swift in Sources */ = {isa = PBXBuildFile; fileRef = 49B00FDD2035FEFC00028812 /* Station.swift */; };
		49B00FE02035FF0A00028812 /* MapModel.swift in Sources */ = {isa = PBXBuildFile; fileRef = 49B00FDF2035FF0A00028812 /* MapModel.swift */; };
		49B00FE42036092000028812 /* MapKit.framework in Frameworks */ = {isa = PBXBuildFile; fileRef = 49B00FE32036092000028812 /* MapKit.framework */; };
		49B00FE620360B2200028812 /* Sample Data in Resources */ = {isa = PBXBuildFile; fileRef = 49B00FE520360B2200028812 /* Sample Data */; };
		49B00FE820360B5500028812 /* MockAPI.swift in Sources */ = {isa = PBXBuildFile; fileRef = 49B00FE720360B5500028812 /* MockAPI.swift */; };
		49B4B22F216485DC00112B4A /* Styles.swift in Sources */ = {isa = PBXBuildFile; fileRef = 49B4B22E216485DC00112B4A /* Styles.swift */; };
		DB98676ADBABA2487CC96D31 /* Pods_Mo_Bikes.framework in Frameworks */ = {isa = PBXBuildFile; fileRef = 076AD8D020E3F865543C6925 /* Pods_Mo_Bikes.framework */; };
		ED9AC1013F10FAAB2095349A /* Pods_Mo_BikesTests.framework in Frameworks */ = {isa = PBXBuildFile; fileRef = 2B2D1E41CA3456635CC282DD /* Pods_Mo_BikesTests.framework */; };
/* End PBXBuildFile section */

/* Begin PBXContainerItemProxy section */
		49AD205F2035FA7400661B0D /* PBXContainerItemProxy */ = {
			isa = PBXContainerItemProxy;
			containerPortal = 49AD20422035FA7400661B0D /* Project object */;
			proxyType = 1;
			remoteGlobalIDString = 49AD20492035FA7400661B0D;
			remoteInfo = "Mo-Bikes";
		};
/* End PBXContainerItemProxy section */

/* Begin PBXFileReference section */
		076AD8D020E3F865543C6925 /* Pods_Mo_Bikes.framework */ = {isa = PBXFileReference; explicitFileType = wrapper.framework; includeInIndex = 0; path = Pods_Mo_Bikes.framework; sourceTree = BUILT_PRODUCTS_DIR; };
		2B2D1E41CA3456635CC282DD /* Pods_Mo_BikesTests.framework */ = {isa = PBXFileReference; explicitFileType = wrapper.framework; includeInIndex = 0; path = Pods_Mo_BikesTests.framework; sourceTree = BUILT_PRODUCTS_DIR; };
		367C8F8EAE02F9E39B606D26 /* Pods-Mo-Bikes.debug.xcconfig */ = {isa = PBXFileReference; includeInIndex = 1; lastKnownFileType = text.xcconfig; name = "Pods-Mo-Bikes.debug.xcconfig"; path = "Pods/Target Support Files/Pods-Mo-Bikes/Pods-Mo-Bikes.debug.xcconfig"; sourceTree = "<group>"; };
		46EFB982B154C098784D289B /* Pods-Mo-Bikes.release.xcconfig */ = {isa = PBXFileReference; includeInIndex = 1; lastKnownFileType = text.xcconfig; name = "Pods-Mo-Bikes.release.xcconfig"; path = "Pods/Target Support Files/Pods-Mo-Bikes/Pods-Mo-Bikes.release.xcconfig"; sourceTree = "<group>"; };
		4913FC1D2176579800E590C8 /* KMLParser.swift */ = {isa = PBXFileReference; lastKnownFileType = sourcecode.swift; path = KMLParser.swift; sourceTree = "<group>"; };
		4913FC202176584A00E590C8 /* drinking_fountains.kml */ = {isa = PBXFileReference; fileEncoding = 4; lastKnownFileType = text.xml; path = drinking_fountains.kml; sourceTree = "<group>"; };
		4913FC212176584A00E590C8 /* bikeways.kml */ = {isa = PBXFileReference; fileEncoding = 4; lastKnownFileType = text.xml; path = bikeways.kml; sourceTree = "<group>"; };
		4913FC222176584A00E590C8 /* public_washrooms.kml */ = {isa = PBXFileReference; fileEncoding = 4; lastKnownFileType = text.xml; path = public_washrooms.kml; sourceTree = "<group>"; };
		4913FC2621765B5800E590C8 /* Functional.swift */ = {isa = PBXFileReference; lastKnownFileType = sourcecode.swift; path = Functional.swift; sourceTree = "<group>"; };
		4913FC2A217665DE00E590C8 /* Coordinates.swift */ = {isa = PBXFileReference; lastKnownFileType = sourcecode.swift; path = Coordinates.swift; sourceTree = "<group>"; };
		49145C85217A618000197D95 /* Errors.swift */ = {isa = PBXFileReference; lastKnownFileType = sourcecode.swift; path = Errors.swift; sourceTree = "<group>"; };
		49145C87217A721100197D95 /* StationTests.swift */ = {isa = PBXFileReference; lastKnownFileType = sourcecode.swift; path = StationTests.swift; sourceTree = "<group>"; };
		49145C89217A7B9B00197D95 /* main.swift */ = {isa = PBXFileReference; lastKnownFileType = sourcecode.swift; path = main.swift; sourceTree = "<group>"; };
		49145C8B217A91D800197D95 /* CoordinatesTests.swift */ = {isa = PBXFileReference; lastKnownFileType = sourcecode.swift; path = CoordinatesTests.swift; sourceTree = "<group>"; };
		49145C8F217A97A200197D95 /* MiscTests.swift */ = {isa = PBXFileReference; fileEncoding = 4; lastKnownFileType = sourcecode.swift; path = MiscTests.swift; sourceTree = "<group>"; };
		49145C91217A989300197D95 /* FunctionalTests.swift */ = {isa = PBXFileReference; lastKnownFileType = sourcecode.swift; path = FunctionalTests.swift; sourceTree = "<group>"; };
		491C6911203F4E6C00C79C53 /* TestingSupport.swift */ = {isa = PBXFileReference; lastKnownFileType = sourcecode.swift; path = TestingSupport.swift; sourceTree = "<group>"; };
		494B01D72177C1E10017F289 /* Buttons.swift */ = {isa = PBXFileReference; lastKnownFileType = sourcecode.swift; path = Buttons.swift; sourceTree = "<group>"; };
		494B01D92177E0860017F289 /* MapViewDelegate.swift */ = {isa = PBXFileReference; lastKnownFileType = sourcecode.swift; path = MapViewDelegate.swift; sourceTree = "<group>"; };
		495C840C217BF8A900978E6D /* SupplementMarkerTests.swift */ = {isa = PBXFileReference; lastKnownFileType = sourcecode.swift; path = SupplementMarkerTests.swift; sourceTree = "<group>"; };
		495C8411217C035200978E6D /* BikewayTests.swift */ = {isa = PBXFileReference; lastKnownFileType = sourcecode.swift; path = BikewayTests.swift; sourceTree = "<group>"; };
		495C8413217C2CEC00978E6D /* KMLParserTests.swift */ = {isa = PBXFileReference; lastKnownFileType = sourcecode.swift; path = KMLParserTests.swift; sourceTree = "<group>"; };
		49889420217954A50079E693 /* MapViewFunctions.swift */ = {isa = PBXFileReference; lastKnownFileType = sourcecode.swift; path = MapViewFunctions.swift; sourceTree = "<group>"; };
		49889423217956900079E693 /* SupplementMarker.swift */ = {isa = PBXFileReference; lastKnownFileType = sourcecode.swift; path = SupplementMarker.swift; sourceTree = "<group>"; };
		498894252179574C0079E693 /* Bikeway.swift */ = {isa = PBXFileReference; lastKnownFileType = sourcecode.swift; path = Bikeway.swift; sourceTree = "<group>"; };
		49AD204A2035FA7400661B0D /* Mo-Bikes.app */ = {isa = PBXFileReference; explicitFileType = wrapper.application; includeInIndex = 0; path = "Mo-Bikes.app"; sourceTree = BUILT_PRODUCTS_DIR; };
		49AD204D2035FA7400661B0D /* AppDelegate.swift */ = {isa = PBXFileReference; lastKnownFileType = sourcecode.swift; path = AppDelegate.swift; sourceTree = "<group>"; };
		49AD204F2035FA7400661B0D /* MapViewController.swift */ = {isa = PBXFileReference; lastKnownFileType = sourcecode.swift; path = MapViewController.swift; sourceTree = "<group>"; };
		49AD20522035FA7400661B0D /* Base */ = {isa = PBXFileReference; lastKnownFileType = file.storyboard; name = Base; path = Base.lproj/MapViewController.storyboard; sourceTree = "<group>"; };
		49AD20542035FA7400661B0D /* Assets.xcassets */ = {isa = PBXFileReference; lastKnownFileType = folder.assetcatalog; path = Assets.xcassets; sourceTree = "<group>"; };
		49AD20572035FA7400661B0D /* Base */ = {isa = PBXFileReference; lastKnownFileType = file.storyboard; name = Base; path = Base.lproj/LaunchScreen.storyboard; sourceTree = "<group>"; };
		49AD20592035FA7400661B0D /* Info.plist */ = {isa = PBXFileReference; lastKnownFileType = text.plist.xml; path = Info.plist; sourceTree = "<group>"; };
		49AD205E2035FA7400661B0D /* Mo-BikesTests.xctest */ = {isa = PBXFileReference; explicitFileType = wrapper.cfbundle; includeInIndex = 0; path = "Mo-BikesTests.xctest"; sourceTree = BUILT_PRODUCTS_DIR; };
		49AD20642035FA7400661B0D /* Info.plist */ = {isa = PBXFileReference; lastKnownFileType = text.plist.xml; path = Info.plist; sourceTree = "<group>"; };
		49B00FDD2035FEFC00028812 /* Station.swift */ = {isa = PBXFileReference; lastKnownFileType = sourcecode.swift; path = Station.swift; sourceTree = "<group>"; };
		49B00FDF2035FF0A00028812 /* MapModel.swift */ = {isa = PBXFileReference; lastKnownFileType = sourcecode.swift; path = MapModel.swift; sourceTree = "<group>"; };
		49B00FE32036092000028812 /* MapKit.framework */ = {isa = PBXFileReference; lastKnownFileType = wrapper.framework; name = MapKit.framework; path = System/Library/Frameworks/MapKit.framework; sourceTree = SDKROOT; };
		49B00FE520360B2200028812 /* Sample Data */ = {isa = PBXFileReference; lastKnownFileType = folder; path = "Sample Data"; sourceTree = SOURCE_ROOT; };
		49B00FE720360B5500028812 /* MockAPI.swift */ = {isa = PBXFileReference; lastKnownFileType = sourcecode.swift; path = MockAPI.swift; sourceTree = "<group>"; };
		49B4B22E216485DC00112B4A /* Styles.swift */ = {isa = PBXFileReference; lastKnownFileType = sourcecode.swift; path = Styles.swift; sourceTree = "<group>"; };
		D64EC92DC83E5D70A8978515 /* Pods-Mo-BikesTests.debug.xcconfig */ = {isa = PBXFileReference; includeInIndex = 1; lastKnownFileType = text.xcconfig; name = "Pods-Mo-BikesTests.debug.xcconfig"; path = "Pods/Target Support Files/Pods-Mo-BikesTests/Pods-Mo-BikesTests.debug.xcconfig"; sourceTree = "<group>"; };
		E1EC2E77DED7ADE1BA6FF05A /* Pods-Mo-BikesTests.release.xcconfig */ = {isa = PBXFileReference; includeInIndex = 1; lastKnownFileType = text.xcconfig; name = "Pods-Mo-BikesTests.release.xcconfig"; path = "Pods/Target Support Files/Pods-Mo-BikesTests/Pods-Mo-BikesTests.release.xcconfig"; sourceTree = "<group>"; };
/* End PBXFileReference section */

/* Begin PBXFrameworksBuildPhase section */
		49AD20472035FA7400661B0D /* Frameworks */ = {
			isa = PBXFrameworksBuildPhase;
			buildActionMask = 2147483647;
			files = (
				49B00FE42036092000028812 /* MapKit.framework in Frameworks */,
				DB98676ADBABA2487CC96D31 /* Pods_Mo_Bikes.framework in Frameworks */,
			);
			runOnlyForDeploymentPostprocessing = 0;
		};
		49AD205B2035FA7400661B0D /* Frameworks */ = {
			isa = PBXFrameworksBuildPhase;
			buildActionMask = 2147483647;
			files = (
				ED9AC1013F10FAAB2095349A /* Pods_Mo_BikesTests.framework in Frameworks */,
			);
			runOnlyForDeploymentPostprocessing = 0;
		};
/* End PBXFrameworksBuildPhase section */

/* Begin PBXGroup section */
		4913FC1F2176584A00E590C8 /* Spatial Data */ = {
			isa = PBXGroup;
			children = (
				4913FC202176584A00E590C8 /* drinking_fountains.kml */,
				4913FC212176584A00E590C8 /* bikeways.kml */,
				4913FC222176584A00E590C8 /* public_washrooms.kml */,
			);
			path = "Spatial Data";
			sourceTree = "<group>";
		};
		495C840E217C030800978E6D /* Misc */ = {
			isa = PBXGroup;
			children = (
				491C6911203F4E6C00C79C53 /* TestingSupport.swift */,
				49145C8F217A97A200197D95 /* MiscTests.swift */,
				49145C91217A989300197D95 /* FunctionalTests.swift */,
				49145C8B217A91D800197D95 /* CoordinatesTests.swift */,
			);
			path = Misc;
			sourceTree = "<group>";
		};
		495C840F217C031F00978E6D /* MapElements */ = {
			isa = PBXGroup;
			children = (
				49145C87217A721100197D95 /* StationTests.swift */,
				495C840C217BF8A900978E6D /* SupplementMarkerTests.swift */,
				495C8411217C035200978E6D /* BikewayTests.swift */,
				495C8413217C2CEC00978E6D /* KMLParserTests.swift */,
			);
			path = MapElements;
			sourceTree = "<group>";
		};
		495C8410217C033900978E6D /* MapView */ = {
			isa = PBXGroup;
			children = (
			);
			path = MapView;
			sourceTree = "<group>";
		};
		498894222179556E0079E693 /* MapView */ = {
			isa = PBXGroup;
			children = (
				49AD20512035FA7400661B0D /* MapViewController.storyboard */,
				49AD204F2035FA7400661B0D /* MapViewController.swift */,
				494B01D92177E0860017F289 /* MapViewDelegate.swift */,
				49889420217954A50079E693 /* MapViewFunctions.swift */,
				49B00FDF2035FF0A00028812 /* MapModel.swift */,
			);
			path = MapView;
			sourceTree = "<group>";
		};
		49AD20412035FA7400661B0D = {
			isa = PBXGroup;
			children = (
				49AD204C2035FA7400661B0D /* Mo-Bikes */,
				49AD20612035FA7400661B0D /* Mo-BikesTests */,
				49AD204B2035FA7400661B0D /* Products */,
				C1B7AAA8B861A357FBA2E50A /* Pods */,
				655ECDB840C28B867813189B /* Frameworks */,
			);
			sourceTree = "<group>";
		};
		49AD204B2035FA7400661B0D /* Products */ = {
			isa = PBXGroup;
			children = (
				49AD204A2035FA7400661B0D /* Mo-Bikes.app */,
				49AD205E2035FA7400661B0D /* Mo-BikesTests.xctest */,
			);
			name = Products;
			sourceTree = "<group>";
		};
		49AD204C2035FA7400661B0D /* Mo-Bikes */ = {
			isa = PBXGroup;
			children = (
				49145C89217A7B9B00197D95 /* main.swift */,
				49AD204D2035FA7400661B0D /* AppDelegate.swift */,
				498894222179556E0079E693 /* MapView */,
				49AF7F47216832DB00A88560 /* MapElements */,
				49AF7F462168328800A88560 /* Misc */,
				49AD20542035FA7400661B0D /* Assets.xcassets */,
				49AD20562035FA7400661B0D /* LaunchScreen.storyboard */,
				49AD20592035FA7400661B0D /* Info.plist */,
				4913FC1F2176584A00E590C8 /* Spatial Data */,
				49B00FE520360B2200028812 /* Sample Data */,
			);
			path = "Mo-Bikes";
			sourceTree = "<group>";
		};
		49AD20612035FA7400661B0D /* Mo-BikesTests */ = {
			isa = PBXGroup;
			children = (
				495C8410217C033900978E6D /* MapView */,
				495C840F217C031F00978E6D /* MapElements */,
				495C840E217C030800978E6D /* Misc */,
				49AD20642035FA7400661B0D /* Info.plist */,
			);
			path = "Mo-BikesTests";
			sourceTree = "<group>";
		};
		49AF7F462168328800A88560 /* Misc */ = {
			isa = PBXGroup;
			children = (
				49B4B22E216485DC00112B4A /* Styles.swift */,
				4913FC2621765B5800E590C8 /* Functional.swift */,
				4913FC2A217665DE00E590C8 /* Coordinates.swift */,
				494B01D72177C1E10017F289 /* Buttons.swift */,
				49B00FE720360B5500028812 /* MockAPI.swift */,
				49145C85217A618000197D95 /* Errors.swift */,
			);
			path = Misc;
			sourceTree = "<group>";
		};
		49AF7F47216832DB00A88560 /* MapElements */ = {
			isa = PBXGroup;
			children = (
				49B00FDD2035FEFC00028812 /* Station.swift */,
				49889423217956900079E693 /* SupplementMarker.swift */,
				498894252179574C0079E693 /* Bikeway.swift */,
				4913FC1D2176579800E590C8 /* KMLParser.swift */,
			);
			path = MapElements;
			sourceTree = "<group>";
		};
		655ECDB840C28B867813189B /* Frameworks */ = {
			isa = PBXGroup;
			children = (
				49B00FE32036092000028812 /* MapKit.framework */,
				076AD8D020E3F865543C6925 /* Pods_Mo_Bikes.framework */,
				2B2D1E41CA3456635CC282DD /* Pods_Mo_BikesTests.framework */,
			);
			name = Frameworks;
			sourceTree = "<group>";
		};
		C1B7AAA8B861A357FBA2E50A /* Pods */ = {
			isa = PBXGroup;
			children = (
				367C8F8EAE02F9E39B606D26 /* Pods-Mo-Bikes.debug.xcconfig */,
				46EFB982B154C098784D289B /* Pods-Mo-Bikes.release.xcconfig */,
				D64EC92DC83E5D70A8978515 /* Pods-Mo-BikesTests.debug.xcconfig */,
				E1EC2E77DED7ADE1BA6FF05A /* Pods-Mo-BikesTests.release.xcconfig */,
			);
			name = Pods;
			sourceTree = "<group>";
		};
/* End PBXGroup section */

/* Begin PBXNativeTarget section */
		49AD20492035FA7400661B0D /* Mo-Bikes */ = {
			isa = PBXNativeTarget;
			buildConfigurationList = 49AD20672035FA7400661B0D /* Build configuration list for PBXNativeTarget "Mo-Bikes" */;
			buildPhases = (
				E4BB11CE32559936CACE43B7 /* [CP] Check Pods Manifest.lock */,
				49AD20462035FA7400661B0D /* Sources */,
				49AD20472035FA7400661B0D /* Frameworks */,
				49AD20482035FA7400661B0D /* Resources */,
				5D0FD5D6D4914CE878690F32 /* [CP] Embed Pods Frameworks */,
			);
			buildRules = (
			);
			dependencies = (
			);
			name = "Mo-Bikes";
			productName = "Mo-Bikes";
			productReference = 49AD204A2035FA7400661B0D /* Mo-Bikes.app */;
			productType = "com.apple.product-type.application";
		};
		49AD205D2035FA7400661B0D /* Mo-BikesTests */ = {
			isa = PBXNativeTarget;
			buildConfigurationList = 49AD206A2035FA7400661B0D /* Build configuration list for PBXNativeTarget "Mo-BikesTests" */;
			buildPhases = (
				B7FEFF50FC0C10C833339F5D /* [CP] Check Pods Manifest.lock */,
				49AD205A2035FA7400661B0D /* Sources */,
				49AD205B2035FA7400661B0D /* Frameworks */,
				49AD205C2035FA7400661B0D /* Resources */,
			);
			buildRules = (
			);
			dependencies = (
				49AD20602035FA7400661B0D /* PBXTargetDependency */,
			);
			name = "Mo-BikesTests";
			productName = "Mo-BikesTests";
			productReference = 49AD205E2035FA7400661B0D /* Mo-BikesTests.xctest */;
			productType = "com.apple.product-type.bundle.unit-test";
		};
/* End PBXNativeTarget section */

/* Begin PBXProject section */
		49AD20422035FA7400661B0D /* Project object */ = {
			isa = PBXProject;
			attributes = {
				LastSwiftUpdateCheck = 0920;
				LastUpgradeCheck = 1000;
				ORGANIZATIONNAME = hearthedge;
				TargetAttributes = {
					49AD20492035FA7400661B0D = {
						CreatedOnToolsVersion = 9.2;
						ProvisioningStyle = Automatic;
						SystemCapabilities = {
							com.apple.Maps.iOS = {
								enabled = 1;
							};
						};
					};
					49AD205D2035FA7400661B0D = {
						CreatedOnToolsVersion = 9.2;
						ProvisioningStyle = Automatic;
						TestTargetID = 49AD20492035FA7400661B0D;
					};
				};
			};
			buildConfigurationList = 49AD20452035FA7400661B0D /* Build configuration list for PBXProject "Mo-Bikes" */;
			compatibilityVersion = "Xcode 8.0";
			developmentRegion = en;
			hasScannedForEncodings = 0;
			knownRegions = (
				en,
				Base,
			);
			mainGroup = 49AD20412035FA7400661B0D;
			productRefGroup = 49AD204B2035FA7400661B0D /* Products */;
			projectDirPath = "";
			projectRoot = "";
			targets = (
				49AD20492035FA7400661B0D /* Mo-Bikes */,
				49AD205D2035FA7400661B0D /* Mo-BikesTests */,
			);
		};
/* End PBXProject section */

/* Begin PBXResourcesBuildPhase section */
		49AD20482035FA7400661B0D /* Resources */ = {
			isa = PBXResourcesBuildPhase;
			buildActionMask = 2147483647;
			files = (
				49AD20582035FA7400661B0D /* LaunchScreen.storyboard in Resources */,
				4913FC232176584A00E590C8 /* drinking_fountains.kml in Resources */,
				49AD20552035FA7400661B0D /* Assets.xcassets in Resources */,
				49AD20532035FA7400661B0D /* MapViewController.storyboard in Resources */,
				49B00FE620360B2200028812 /* Sample Data in Resources */,
				4913FC242176584A00E590C8 /* bikeways.kml in Resources */,
				4913FC252176584A00E590C8 /* public_washrooms.kml in Resources */,
			);
			runOnlyForDeploymentPostprocessing = 0;
		};
		49AD205C2035FA7400661B0D /* Resources */ = {
			isa = PBXResourcesBuildPhase;
			buildActionMask = 2147483647;
			files = (
			);
			runOnlyForDeploymentPostprocessing = 0;
		};
/* End PBXResourcesBuildPhase section */

/* Begin PBXShellScriptBuildPhase section */
		5D0FD5D6D4914CE878690F32 /* [CP] Embed Pods Frameworks */ = {
			isa = PBXShellScriptBuildPhase;
			buildActionMask = 2147483647;
			files = (
			);
			inputPaths = (
				"${SRCROOT}/Pods/Target Support Files/Pods-Mo-Bikes/Pods-Mo-Bikes-frameworks.sh",
				"${BUILT_PRODUCTS_DIR}/AEXML/AEXML.framework",
				"${BUILT_PRODUCTS_DIR}/Alamofire/Alamofire.framework",
				"${BUILT_PRODUCTS_DIR}/OHHTTPStubs/OHHTTPStubs.framework",
			);
			name = "[CP] Embed Pods Frameworks";
			outputPaths = (
				"${TARGET_BUILD_DIR}/${FRAMEWORKS_FOLDER_PATH}/AEXML.framework",
				"${TARGET_BUILD_DIR}/${FRAMEWORKS_FOLDER_PATH}/Alamofire.framework",
				"${TARGET_BUILD_DIR}/${FRAMEWORKS_FOLDER_PATH}/OHHTTPStubs.framework",
			);
			runOnlyForDeploymentPostprocessing = 0;
			shellPath = /bin/sh;
			shellScript = "\"${SRCROOT}/Pods/Target Support Files/Pods-Mo-Bikes/Pods-Mo-Bikes-frameworks.sh\"\n";
			showEnvVarsInLog = 0;
		};
		B7FEFF50FC0C10C833339F5D /* [CP] Check Pods Manifest.lock */ = {
			isa = PBXShellScriptBuildPhase;
			buildActionMask = 2147483647;
			files = (
			);
			inputPaths = (
				"${PODS_PODFILE_DIR_PATH}/Podfile.lock",
				"${PODS_ROOT}/Manifest.lock",
			);
			name = "[CP] Check Pods Manifest.lock";
			outputPaths = (
				"$(DERIVED_FILE_DIR)/Pods-Mo-BikesTests-checkManifestLockResult.txt",
			);
			runOnlyForDeploymentPostprocessing = 0;
			shellPath = /bin/sh;
			shellScript = "diff \"${PODS_PODFILE_DIR_PATH}/Podfile.lock\" \"${PODS_ROOT}/Manifest.lock\" > /dev/null\nif [ $? != 0 ] ; then\n    # print error to STDERR\n    echo \"error: The sandbox is not in sync with the Podfile.lock. Run 'pod install' or update your CocoaPods installation.\" >&2\n    exit 1\nfi\n# This output is used by Xcode 'outputs' to avoid re-running this script phase.\necho \"SUCCESS\" > \"${SCRIPT_OUTPUT_FILE_0}\"\n";
			showEnvVarsInLog = 0;
		};
		E4BB11CE32559936CACE43B7 /* [CP] Check Pods Manifest.lock */ = {
			isa = PBXShellScriptBuildPhase;
			buildActionMask = 2147483647;
			files = (
			);
			inputPaths = (
				"${PODS_PODFILE_DIR_PATH}/Podfile.lock",
				"${PODS_ROOT}/Manifest.lock",
			);
			name = "[CP] Check Pods Manifest.lock";
			outputPaths = (
				"$(DERIVED_FILE_DIR)/Pods-Mo-Bikes-checkManifestLockResult.txt",
			);
			runOnlyForDeploymentPostprocessing = 0;
			shellPath = /bin/sh;
			shellScript = "diff \"${PODS_PODFILE_DIR_PATH}/Podfile.lock\" \"${PODS_ROOT}/Manifest.lock\" > /dev/null\nif [ $? != 0 ] ; then\n    # print error to STDERR\n    echo \"error: The sandbox is not in sync with the Podfile.lock. Run 'pod install' or update your CocoaPods installation.\" >&2\n    exit 1\nfi\n# This output is used by Xcode 'outputs' to avoid re-running this script phase.\necho \"SUCCESS\" > \"${SCRIPT_OUTPUT_FILE_0}\"\n";
			showEnvVarsInLog = 0;
		};
/* End PBXShellScriptBuildPhase section */

/* Begin PBXSourcesBuildPhase section */
		49AD20462035FA7400661B0D /* Sources */ = {
			isa = PBXSourcesBuildPhase;
			buildActionMask = 2147483647;
			files = (
				49889424217956900079E693 /* SupplementMarker.swift in Sources */,
				494B01D82177C1E10017F289 /* Buttons.swift in Sources */,
				49145C8A217A7B9B00197D95 /* main.swift in Sources */,
				49B4B22F216485DC00112B4A /* Styles.swift in Sources */,
				49B00FDE2035FEFC00028812 /* Station.swift in Sources */,
				49145C86217A618000197D95 /* Errors.swift in Sources */,
				494B01DA2177E0860017F289 /* MapViewDelegate.swift in Sources */,
				49B00FE02035FF0A00028812 /* MapModel.swift in Sources */,
				49B00FE820360B5500028812 /* MockAPI.swift in Sources */,
				49889421217954A50079E693 /* MapViewFunctions.swift in Sources */,
				498894262179574C0079E693 /* Bikeway.swift in Sources */,
				49AD20502035FA7400661B0D /* MapViewController.swift in Sources */,
				4913FC1E2176579800E590C8 /* KMLParser.swift in Sources */,
				4913FC2B217665DE00E590C8 /* Coordinates.swift in Sources */,
				4913FC2721765B5800E590C8 /* Functional.swift in Sources */,
				49AD204E2035FA7400661B0D /* AppDelegate.swift in Sources */,
			);
			runOnlyForDeploymentPostprocessing = 0;
		};
		49AD205A2035FA7400661B0D /* Sources */ = {
			isa = PBXSourcesBuildPhase;
			buildActionMask = 2147483647;
			files = (
				495C840D217BF8A900978E6D /* SupplementMarkerTests.swift in Sources */,
				49145C92217A989300197D95 /* FunctionalTests.swift in Sources */,
				49145C88217A721100197D95 /* StationTests.swift in Sources */,
				495C8414217C2CEC00978E6D /* KMLParserTests.swift in Sources */,
				49145C90217A97A200197D95 /* MiscTests.swift in Sources */,
				495C8412217C035200978E6D /* BikewayTests.swift in Sources */,
				49145C8C217A91D800197D95 /* CoordinatesTests.swift in Sources */,
				491C6912203F4E6C00C79C53 /* TestingSupport.swift in Sources */,
			);
			runOnlyForDeploymentPostprocessing = 0;
		};
/* End PBXSourcesBuildPhase section */

/* Begin PBXTargetDependency section */
		49AD20602035FA7400661B0D /* PBXTargetDependency */ = {
			isa = PBXTargetDependency;
			target = 49AD20492035FA7400661B0D /* Mo-Bikes */;
			targetProxy = 49AD205F2035FA7400661B0D /* PBXContainerItemProxy */;
		};
/* End PBXTargetDependency section */

/* Begin PBXVariantGroup section */
		49AD20512035FA7400661B0D /* MapViewController.storyboard */ = {
			isa = PBXVariantGroup;
			children = (
				49AD20522035FA7400661B0D /* Base */,
			);
			name = MapViewController.storyboard;
			sourceTree = "<group>";
		};
		49AD20562035FA7400661B0D /* LaunchScreen.storyboard */ = {
			isa = PBXVariantGroup;
			children = (
				49AD20572035FA7400661B0D /* Base */,
			);
			name = LaunchScreen.storyboard;
			sourceTree = "<group>";
		};
/* End PBXVariantGroup section */

/* Begin XCBuildConfiguration section */
		49AD20652035FA7400661B0D /* Debug */ = {
			isa = XCBuildConfiguration;
			buildSettings = {
				ALWAYS_SEARCH_USER_PATHS = NO;
				CLANG_ANALYZER_NONNULL = YES;
				CLANG_ANALYZER_NUMBER_OBJECT_CONVERSION = YES_AGGRESSIVE;
				CLANG_CXX_LANGUAGE_STANDARD = "gnu++14";
				CLANG_CXX_LIBRARY = "libc++";
				CLANG_ENABLE_MODULES = YES;
				CLANG_ENABLE_OBJC_ARC = YES;
				CLANG_WARN_BLOCK_CAPTURE_AUTORELEASING = YES;
				CLANG_WARN_BOOL_CONVERSION = YES;
				CLANG_WARN_COMMA = YES;
				CLANG_WARN_CONSTANT_CONVERSION = YES;
				CLANG_WARN_DEPRECATED_OBJC_IMPLEMENTATIONS = YES;
				CLANG_WARN_DIRECT_OBJC_ISA_USAGE = YES_ERROR;
				CLANG_WARN_DOCUMENTATION_COMMENTS = YES;
				CLANG_WARN_EMPTY_BODY = YES;
				CLANG_WARN_ENUM_CONVERSION = YES;
				CLANG_WARN_INFINITE_RECURSION = YES;
				CLANG_WARN_INT_CONVERSION = YES;
				CLANG_WARN_NON_LITERAL_NULL_CONVERSION = YES;
				CLANG_WARN_OBJC_IMPLICIT_RETAIN_SELF = YES;
				CLANG_WARN_OBJC_LITERAL_CONVERSION = YES;
				CLANG_WARN_OBJC_ROOT_CLASS = YES_ERROR;
				CLANG_WARN_RANGE_LOOP_ANALYSIS = YES;
				CLANG_WARN_STRICT_PROTOTYPES = YES;
				CLANG_WARN_SUSPICIOUS_MOVE = YES;
				CLANG_WARN_UNGUARDED_AVAILABILITY = YES_AGGRESSIVE;
				CLANG_WARN_UNREACHABLE_CODE = YES;
				CLANG_WARN__DUPLICATE_METHOD_MATCH = YES;
				CODE_SIGN_IDENTITY = "iPhone Developer";
				COPY_PHASE_STRIP = NO;
				DEBUG_INFORMATION_FORMAT = dwarf;
				ENABLE_STRICT_OBJC_MSGSEND = YES;
				ENABLE_TESTABILITY = YES;
				GCC_C_LANGUAGE_STANDARD = gnu11;
				GCC_DYNAMIC_NO_PIC = NO;
				GCC_NO_COMMON_BLOCKS = YES;
				GCC_OPTIMIZATION_LEVEL = 0;
				GCC_PREPROCESSOR_DEFINITIONS = (
					"DEBUG=1",
					"$(inherited)",
				);
				GCC_WARN_64_TO_32_BIT_CONVERSION = YES;
				GCC_WARN_ABOUT_RETURN_TYPE = YES_ERROR;
				GCC_WARN_UNDECLARED_SELECTOR = YES;
				GCC_WARN_UNINITIALIZED_AUTOS = YES_AGGRESSIVE;
				GCC_WARN_UNUSED_FUNCTION = YES;
				GCC_WARN_UNUSED_VARIABLE = YES;
				IPHONEOS_DEPLOYMENT_TARGET = 11.0;
				MTL_ENABLE_DEBUG_INFO = YES;
				ONLY_ACTIVE_ARCH = YES;
				SDKROOT = iphoneos;
				SWIFT_ACTIVE_COMPILATION_CONDITIONS = DEBUG;
				SWIFT_OPTIMIZATION_LEVEL = "-Onone";
			};
			name = Debug;
		};
		49AD20662035FA7400661B0D /* Release */ = {
			isa = XCBuildConfiguration;
			buildSettings = {
				ALWAYS_SEARCH_USER_PATHS = NO;
				CLANG_ANALYZER_NONNULL = YES;
				CLANG_ANALYZER_NUMBER_OBJECT_CONVERSION = YES_AGGRESSIVE;
				CLANG_CXX_LANGUAGE_STANDARD = "gnu++14";
				CLANG_CXX_LIBRARY = "libc++";
				CLANG_ENABLE_MODULES = YES;
				CLANG_ENABLE_OBJC_ARC = YES;
				CLANG_WARN_BLOCK_CAPTURE_AUTORELEASING = YES;
				CLANG_WARN_BOOL_CONVERSION = YES;
				CLANG_WARN_COMMA = YES;
				CLANG_WARN_CONSTANT_CONVERSION = YES;
				CLANG_WARN_DEPRECATED_OBJC_IMPLEMENTATIONS = YES;
				CLANG_WARN_DIRECT_OBJC_ISA_USAGE = YES_ERROR;
				CLANG_WARN_DOCUMENTATION_COMMENTS = YES;
				CLANG_WARN_EMPTY_BODY = YES;
				CLANG_WARN_ENUM_CONVERSION = YES;
				CLANG_WARN_INFINITE_RECURSION = YES;
				CLANG_WARN_INT_CONVERSION = YES;
				CLANG_WARN_NON_LITERAL_NULL_CONVERSION = YES;
				CLANG_WARN_OBJC_IMPLICIT_RETAIN_SELF = YES;
				CLANG_WARN_OBJC_LITERAL_CONVERSION = YES;
				CLANG_WARN_OBJC_ROOT_CLASS = YES_ERROR;
				CLANG_WARN_RANGE_LOOP_ANALYSIS = YES;
				CLANG_WARN_STRICT_PROTOTYPES = YES;
				CLANG_WARN_SUSPICIOUS_MOVE = YES;
				CLANG_WARN_UNGUARDED_AVAILABILITY = YES_AGGRESSIVE;
				CLANG_WARN_UNREACHABLE_CODE = YES;
				CLANG_WARN__DUPLICATE_METHOD_MATCH = YES;
				CODE_SIGN_IDENTITY = "iPhone Developer";
				COPY_PHASE_STRIP = NO;
				DEBUG_INFORMATION_FORMAT = "dwarf-with-dsym";
				ENABLE_NS_ASSERTIONS = NO;
				ENABLE_STRICT_OBJC_MSGSEND = YES;
				GCC_C_LANGUAGE_STANDARD = gnu11;
				GCC_NO_COMMON_BLOCKS = YES;
				GCC_WARN_64_TO_32_BIT_CONVERSION = YES;
				GCC_WARN_ABOUT_RETURN_TYPE = YES_ERROR;
				GCC_WARN_UNDECLARED_SELECTOR = YES;
				GCC_WARN_UNINITIALIZED_AUTOS = YES_AGGRESSIVE;
				GCC_WARN_UNUSED_FUNCTION = YES;
				GCC_WARN_UNUSED_VARIABLE = YES;
				IPHONEOS_DEPLOYMENT_TARGET = 11.0;
				MTL_ENABLE_DEBUG_INFO = NO;
				SDKROOT = iphoneos;
				SWIFT_OPTIMIZATION_LEVEL = "-Owholemodule";
				VALIDATE_PRODUCT = YES;
			};
			name = Release;
		};
		49AD20682035FA7400661B0D /* Debug */ = {
			isa = XCBuildConfiguration;
			baseConfigurationReference = 367C8F8EAE02F9E39B606D26 /* Pods-Mo-Bikes.debug.xcconfig */;
			buildSettings = {
				ASSETCATALOG_COMPILER_APPICON_NAME = AppIcon;
				CODE_SIGN_STYLE = Automatic;
				DEVELOPMENT_TEAM = T5E8L2XP69;
				INFOPLIST_FILE = "Mo-Bikes/Info.plist";
				LD_RUNPATH_SEARCH_PATHS = "$(inherited) @executable_path/Frameworks";
				PRODUCT_BUNDLE_IDENTIFIER = "land.ashp.Mo-Bikes";
				PRODUCT_NAME = "$(TARGET_NAME)";
				SWIFT_VERSION = 4.2;
				TARGETED_DEVICE_FAMILY = 1;
			};
			name = Debug;
		};
		49AD20692035FA7400661B0D /* Release */ = {
			isa = XCBuildConfiguration;
			baseConfigurationReference = 46EFB982B154C098784D289B /* Pods-Mo-Bikes.release.xcconfig */;
			buildSettings = {
				ASSETCATALOG_COMPILER_APPICON_NAME = AppIcon;
				CODE_SIGN_STYLE = Automatic;
				DEVELOPMENT_TEAM = T5E8L2XP69;
				INFOPLIST_FILE = "Mo-Bikes/Info.plist";
				LD_RUNPATH_SEARCH_PATHS = "$(inherited) @executable_path/Frameworks";
				PRODUCT_BUNDLE_IDENTIFIER = "land.ashp.Mo-Bikes";
				PRODUCT_NAME = "$(TARGET_NAME)";
				SWIFT_VERSION = 4.2;
				TARGETED_DEVICE_FAMILY = 1;
			};
			name = Release;
		};
		49AD206B2035FA7400661B0D /* Debug */ = {
			isa = XCBuildConfiguration;
			baseConfigurationReference = D64EC92DC83E5D70A8978515 /* Pods-Mo-BikesTests.debug.xcconfig */;
			buildSettings = {
				ALWAYS_EMBED_SWIFT_STANDARD_LIBRARIES = YES;
				BUNDLE_LOADER = "$(TEST_HOST)";
				CODE_SIGN_STYLE = Automatic;
				DEVELOPMENT_TEAM = T5E8L2XP69;
				INFOPLIST_FILE = "Mo-BikesTests/Info.plist";
				LD_RUNPATH_SEARCH_PATHS = "$(inherited) @executable_path/Frameworks @loader_path/Frameworks";
				PRODUCT_BUNDLE_IDENTIFIER = "land.ashp.Mo-BikesTests";
				PRODUCT_NAME = "$(TARGET_NAME)";
				SWIFT_VERSION = 4.2;
				TARGETED_DEVICE_FAMILY = "1,2";
				TEST_HOST = "$(BUILT_PRODUCTS_DIR)/Mo-Bikes.app/Mo-Bikes";
			};
			name = Debug;
		};
		49AD206C2035FA7400661B0D /* Release */ = {
			isa = XCBuildConfiguration;
			baseConfigurationReference = E1EC2E77DED7ADE1BA6FF05A /* Pods-Mo-BikesTests.release.xcconfig */;
			buildSettings = {
				ALWAYS_EMBED_SWIFT_STANDARD_LIBRARIES = YES;
				BUNDLE_LOADER = "$(TEST_HOST)";
				CODE_SIGN_STYLE = Automatic;
				DEVELOPMENT_TEAM = T5E8L2XP69;
				INFOPLIST_FILE = "Mo-BikesTests/Info.plist";
				LD_RUNPATH_SEARCH_PATHS = "$(inherited) @executable_path/Frameworks @loader_path/Frameworks";
				PRODUCT_BUNDLE_IDENTIFIER = "land.ashp.Mo-BikesTests";
				PRODUCT_NAME = "$(TARGET_NAME)";
				SWIFT_VERSION = 4.2;
				TARGETED_DEVICE_FAMILY = "1,2";
				TEST_HOST = "$(BUILT_PRODUCTS_DIR)/Mo-Bikes.app/Mo-Bikes";
			};
			name = Release;
		};
/* End XCBuildConfiguration section */

/* Begin XCConfigurationList section */
		49AD20452035FA7400661B0D /* Build configuration list for PBXProject "Mo-Bikes" */ = {
			isa = XCConfigurationList;
			buildConfigurations = (
				49AD20652035FA7400661B0D /* Debug */,
				49AD20662035FA7400661B0D /* Release */,
			);
			defaultConfigurationIsVisible = 0;
			defaultConfigurationName = Release;
		};
		49AD20672035FA7400661B0D /* Build configuration list for PBXNativeTarget "Mo-Bikes" */ = {
			isa = XCConfigurationList;
			buildConfigurations = (
				49AD20682035FA7400661B0D /* Debug */,
				49AD20692035FA7400661B0D /* Release */,
			);
			defaultConfigurationIsVisible = 0;
			defaultConfigurationName = Release;
		};
		49AD206A2035FA7400661B0D /* Build configuration list for PBXNativeTarget "Mo-BikesTests" */ = {
			isa = XCConfigurationList;
			buildConfigurations = (
				49AD206B2035FA7400661B0D /* Debug */,
				49AD206C2035FA7400661B0D /* Release */,
			);
			defaultConfigurationIsVisible = 0;
			defaultConfigurationName = Release;
		};
/* End XCConfigurationList section */
	};
	rootObject = 49AD20422035FA7400661B0D /* Project object */;
}
